// !$*UTF8*$!
{
	archiveVersion = 1;
	classes = {
	};
	objectVersion = 46;
	objects = {

/* Begin PBXBuildFile section */
		982BFF1A1EAFA3590036858D /* AppDelegate.swift in Sources */ = {isa = PBXBuildFile; fileRef = 982BFF191EAFA3590036858D /* AppDelegate.swift */; };
		982BFF1F1EAFA3590036858D /* Main.storyboard in Resources */ = {isa = PBXBuildFile; fileRef = 982BFF1D1EAFA3590036858D /* Main.storyboard */; };
		982BFF211EAFA3590036858D /* Assets.xcassets in Resources */ = {isa = PBXBuildFile; fileRef = 982BFF201EAFA3590036858D /* Assets.xcassets */; };
		982BFF241EAFA3590036858D /* LaunchScreen.storyboard in Resources */ = {isa = PBXBuildFile; fileRef = 982BFF221EAFA3590036858D /* LaunchScreen.storyboard */; };
		982BFF2F1EAFA4550036858D /* Person.swift in Sources */ = {isa = PBXBuildFile; fileRef = 982BFF2E1EAFA4550036858D /* Person.swift */; };
		982BFF311EAFA54F0036858D /* Car.swift in Sources */ = {isa = PBXBuildFile; fileRef = 982BFF301EAFA54F0036858D /* Car.swift */; };
		982BFF341EAFA7A40036858D /* PersonTableViewController.swift in Sources */ = {isa = PBXBuildFile; fileRef = 982BFF331EAFA7A40036858D /* PersonTableViewController.swift */; };
		982BFF361EAFA8C70036858D /* PersonViewModel.swift in Sources */ = {isa = PBXBuildFile; fileRef = 982BFF351EAFA8C70036858D /* PersonViewModel.swift */; };
		982BFF381EAFA9E60036858D /* PersonModel.swift in Sources */ = {isa = PBXBuildFile; fileRef = 982BFF371EAFA9E60036858D /* PersonModel.swift */; };
		982BFF3D1EAFB5EE0036858D /* AddPersonTableViewController.swift in Sources */ = {isa = PBXBuildFile; fileRef = 982BFF3C1EAFB5ED0036858D /* AddPersonTableViewController.swift */; };
		982BFF421EAFBC4F0036858D /* AddPersonViewModel.swift in Sources */ = {isa = PBXBuildFile; fileRef = 982BFF411EAFBC4F0036858D /* AddPersonViewModel.swift */; };
		982BFF491EAFCFA10036858D /* TestTableViewController.swift in Sources */ = {isa = PBXBuildFile; fileRef = 982BFF481EAFCFA10036858D /* TestTableViewController.swift */; };
		AEDCB78A192B837BA3103ACD /* Pods_MVVMRealmSwift.framework in Frameworks */ = {isa = PBXBuildFile; fileRef = 398D02E7A4F7924CDD3F810E /* Pods_MVVMRealmSwift.framework */; };
/* End PBXBuildFile section */

/* Begin PBXFileReference section */
		398D02E7A4F7924CDD3F810E /* Pods_MVVMRealmSwift.framework */ = {isa = PBXFileReference; explicitFileType = wrapper.framework; includeInIndex = 0; path = Pods_MVVMRealmSwift.framework; sourceTree = BUILT_PRODUCTS_DIR; };
		39E3CE2CDB0AD7399702E1B7 /* Pods-MVVMRealmSwift.debug.xcconfig */ = {isa = PBXFileReference; includeInIndex = 1; lastKnownFileType = text.xcconfig; name = "Pods-MVVMRealmSwift.debug.xcconfig"; path = "Pods/Target Support Files/Pods-MVVMRealmSwift/Pods-MVVMRealmSwift.debug.xcconfig"; sourceTree = "<group>"; };
		598E848DDE595DB97C5E3E48 /* Pods-MVVMRealmSwift.release.xcconfig */ = {isa = PBXFileReference; includeInIndex = 1; lastKnownFileType = text.xcconfig; name = "Pods-MVVMRealmSwift.release.xcconfig"; path = "Pods/Target Support Files/Pods-MVVMRealmSwift/Pods-MVVMRealmSwift.release.xcconfig"; sourceTree = "<group>"; };
		982BFF161EAFA3590036858D /* MVVMRealmSwift.app */ = {isa = PBXFileReference; explicitFileType = wrapper.application; includeInIndex = 0; path = MVVMRealmSwift.app; sourceTree = BUILT_PRODUCTS_DIR; };
		982BFF191EAFA3590036858D /* AppDelegate.swift */ = {isa = PBXFileReference; lastKnownFileType = sourcecode.swift; path = AppDelegate.swift; sourceTree = "<group>"; };
		982BFF1E1EAFA3590036858D /* Base */ = {isa = PBXFileReference; lastKnownFileType = file.storyboard; name = Base; path = Base.lproj/Main.storyboard; sourceTree = "<group>"; };
		982BFF201EAFA3590036858D /* Assets.xcassets */ = {isa = PBXFileReference; lastKnownFileType = folder.assetcatalog; path = Assets.xcassets; sourceTree = "<group>"; };
		982BFF231EAFA3590036858D /* Base */ = {isa = PBXFileReference; lastKnownFileType = file.storyboard; name = Base; path = Base.lproj/LaunchScreen.storyboard; sourceTree = "<group>"; };
		982BFF251EAFA3590036858D /* Info.plist */ = {isa = PBXFileReference; lastKnownFileType = text.plist.xml; path = Info.plist; sourceTree = "<group>"; };
		982BFF2E1EAFA4550036858D /* Person.swift */ = {isa = PBXFileReference; fileEncoding = 4; lastKnownFileType = sourcecode.swift; path = Person.swift; sourceTree = "<group>"; };
		982BFF301EAFA54F0036858D /* Car.swift */ = {isa = PBXFileReference; fileEncoding = 4; lastKnownFileType = sourcecode.swift; path = Car.swift; sourceTree = "<group>"; };
		982BFF331EAFA7A40036858D /* PersonTableViewController.swift */ = {isa = PBXFileReference; fileEncoding = 4; lastKnownFileType = sourcecode.swift; path = PersonTableViewController.swift; sourceTree = "<group>"; };
		982BFF351EAFA8C70036858D /* PersonViewModel.swift */ = {isa = PBXFileReference; fileEncoding = 4; lastKnownFileType = sourcecode.swift; path = PersonViewModel.swift; sourceTree = "<group>"; };
		982BFF371EAFA9E60036858D /* PersonModel.swift */ = {isa = PBXFileReference; fileEncoding = 4; lastKnownFileType = sourcecode.swift; path = PersonModel.swift; sourceTree = "<group>"; };
		982BFF3C1EAFB5ED0036858D /* AddPersonTableViewController.swift */ = {isa = PBXFileReference; fileEncoding = 4; lastKnownFileType = sourcecode.swift; path = AddPersonTableViewController.swift; sourceTree = "<group>"; };
		982BFF411EAFBC4F0036858D /* AddPersonViewModel.swift */ = {isa = PBXFileReference; fileEncoding = 4; lastKnownFileType = sourcecode.swift; path = AddPersonViewModel.swift; sourceTree = "<group>"; };
		982BFF481EAFCFA10036858D /* TestTableViewController.swift */ = {isa = PBXFileReference; fileEncoding = 4; lastKnownFileType = sourcecode.swift; path = TestTableViewController.swift; sourceTree = "<group>"; };
/* End PBXFileReference section */

/* Begin PBXFrameworksBuildPhase section */
		982BFF131EAFA3590036858D /* Frameworks */ = {
			isa = PBXFrameworksBuildPhase;
			buildActionMask = 2147483647;
			files = (
				AEDCB78A192B837BA3103ACD /* Pods_MVVMRealmSwift.framework in Frameworks */,
			);
			runOnlyForDeploymentPostprocessing = 0;
		};
/* End PBXFrameworksBuildPhase section */

/* Begin PBXGroup section */
		6286F61AD3D1C3BF42339730 /* Frameworks */ = {
			isa = PBXGroup;
			children = (
				398D02E7A4F7924CDD3F810E /* Pods_MVVMRealmSwift.framework */,
			);
			name = Frameworks;
			sourceTree = "<group>";
		};
		982BFF0D1EAFA3590036858D = {
			isa = PBXGroup;
			children = (
				982BFF181EAFA3590036858D /* MVVMRealmSwift */,
				982BFF3F1EAFB6F90036858D /* Supporting Files */,
				982BFF171EAFA3590036858D /* Products */,
				9FB6A2DCDE241A636765A7E6 /* Pods */,
				6286F61AD3D1C3BF42339730 /* Frameworks */,
			);
			sourceTree = "<group>";
		};
		982BFF171EAFA3590036858D /* Products */ = {
			isa = PBXGroup;
			children = (
				982BFF161EAFA3590036858D /* MVVMRealmSwift.app */,
			);
			name = Products;
			sourceTree = "<group>";
		};
		982BFF181EAFA3590036858D /* MVVMRealmSwift */ = {
			isa = PBXGroup;
			children = (
				982BFF471EAFCF3D0036858D /* Test Group */,
				982BFF451EAFBC960036858D /* Add Person View Model */,
				982BFF441EAFBC7F0036858D /* Person Model */,
				982BFF401EAFB70C0036858D /* StoryBoard */,
				982BFF3E1EAFB6E80036858D /* Application Delegate */,
				982BFF431EAFBC690036858D /* Person View Model */,
				982BFF3B1EAFB5CF0036858D /* Add Person */,
				982BFF321EAFA7870036858D /* Person Table */,
				982BFF2D1EAFA43E0036858D /* Data Model */,
			);
			path = MVVMRealmSwift;
			sourceTree = "<group>";
		};
		982BFF2D1EAFA43E0036858D /* Data Model */ = {
			isa = PBXGroup;
			children = (
				982BFF2E1EAFA4550036858D /* Person.swift */,
				982BFF301EAFA54F0036858D /* Car.swift */,
			);
			name = "Data Model";
			sourceTree = "<group>";
		};
		982BFF321EAFA7870036858D /* Person Table */ = {
			isa = PBXGroup;
			children = (
				982BFF331EAFA7A40036858D /* PersonTableViewController.swift */,
			);
			name = "Person Table";
			sourceTree = "<group>";
		};
		982BFF3B1EAFB5CF0036858D /* Add Person */ = {
			isa = PBXGroup;
			children = (
				982BFF3C1EAFB5ED0036858D /* AddPersonTableViewController.swift */,
			);
			name = "Add Person";
			sourceTree = "<group>";
		};
		982BFF3E1EAFB6E80036858D /* Application Delegate */ = {
			isa = PBXGroup;
			children = (
				982BFF191EAFA3590036858D /* AppDelegate.swift */,
				982BFF221EAFA3590036858D /* LaunchScreen.storyboard */,
			);
			name = "Application Delegate";
			sourceTree = "<group>";
		};
		982BFF3F1EAFB6F90036858D /* Supporting Files */ = {
			isa = PBXGroup;
			children = (
				982BFF251EAFA3590036858D /* Info.plist */,
				982BFF201EAFA3590036858D /* Assets.xcassets */,
			);
			name = "Supporting Files";
			path = MVVMRealmSwift;
			sourceTree = "<group>";
		};
		982BFF401EAFB70C0036858D /* StoryBoard */ = {
			isa = PBXGroup;
			children = (
				982BFF1D1EAFA3590036858D /* Main.storyboard */,
			);
			name = StoryBoard;
			sourceTree = "<group>";
		};
		982BFF431EAFBC690036858D /* Person View Model */ = {
			isa = PBXGroup;
			children = (
				982BFF351EAFA8C70036858D /* PersonViewModel.swift */,
			);
			name = "Person View Model";
			sourceTree = "<group>";
		};
		982BFF441EAFBC7F0036858D /* Person Model */ = {
			isa = PBXGroup;
			children = (
				982BFF371EAFA9E60036858D /* PersonModel.swift */,
			);
			name = "Person Model";
			sourceTree = "<group>";
		};
		982BFF451EAFBC960036858D /* Add Person View Model */ = {
			isa = PBXGroup;
			children = (
				982BFF411EAFBC4F0036858D /* AddPersonViewModel.swift */,
			);
			name = "Add Person View Model";
			sourceTree = "<group>";
		};
		982BFF471EAFCF3D0036858D /* Test Group */ = {
			isa = PBXGroup;
			children = (
				982BFF481EAFCFA10036858D /* TestTableViewController.swift */,
			);
			name = "Test Group";
			sourceTree = "<group>";
		};
		9FB6A2DCDE241A636765A7E6 /* Pods */ = {
			isa = PBXGroup;
			children = (
				39E3CE2CDB0AD7399702E1B7 /* Pods-MVVMRealmSwift.debug.xcconfig */,
				598E848DDE595DB97C5E3E48 /* Pods-MVVMRealmSwift.release.xcconfig */,
			);
			name = Pods;
			sourceTree = "<group>";
		};
/* End PBXGroup section */

/* Begin PBXNativeTarget section */
		982BFF151EAFA3590036858D /* MVVMRealmSwift */ = {
			isa = PBXNativeTarget;
			buildConfigurationList = 982BFF281EAFA3590036858D /* Build configuration list for PBXNativeTarget "MVVMRealmSwift" */;
			buildPhases = (
				09AA7BD48AFDB98259BE6E32 /* [CP] Check Pods Manifest.lock */,
				982BFF121EAFA3590036858D /* Sources */,
				982BFF131EAFA3590036858D /* Frameworks */,
				982BFF141EAFA3590036858D /* Resources */,
				1A6978E8F2FC6535B5B2E80C /* [CP] Embed Pods Frameworks */,
				87A35FAA000D554D229674FD /* [CP] Copy Pods Resources */,
			);
			buildRules = (
			);
			dependencies = (
			);
			name = MVVMRealmSwift;
			productName = MVVMRealmSwift;
			productReference = 982BFF161EAFA3590036858D /* MVVMRealmSwift.app */;
			productType = "com.apple.product-type.application";
		};
/* End PBXNativeTarget section */

/* Begin PBXProject section */
		982BFF0E1EAFA3590036858D /* Project object */ = {
			isa = PBXProject;
			attributes = {
				LastSwiftUpdateCheck = 0830;
				LastUpgradeCheck = 0830;
				ORGANIZATIONNAME = "Deblina Das";
				TargetAttributes = {
					982BFF151EAFA3590036858D = {
						CreatedOnToolsVersion = 8.3.2;
						DevelopmentTeam = 374A5BSW36;
						ProvisioningStyle = Automatic;
					};
				};
			};
			buildConfigurationList = 982BFF111EAFA3590036858D /* Build configuration list for PBXProject "MVVMRealmSwift" */;
			compatibilityVersion = "Xcode 3.2";
			developmentRegion = English;
			hasScannedForEncodings = 0;
			knownRegions = (
				en,
				Base,
			);
			mainGroup = 982BFF0D1EAFA3590036858D;
			productRefGroup = 982BFF171EAFA3590036858D /* Products */;
			projectDirPath = "";
			projectRoot = "";
			targets = (
				982BFF151EAFA3590036858D /* MVVMRealmSwift */,
			);
		};
/* End PBXProject section */

/* Begin PBXResourcesBuildPhase section */
		982BFF141EAFA3590036858D /* Resources */ = {
			isa = PBXResourcesBuildPhase;
			buildActionMask = 2147483647;
			files = (
				982BFF241EAFA3590036858D /* LaunchScreen.storyboard in Resources */,
				982BFF211EAFA3590036858D /* Assets.xcassets in Resources */,
				982BFF1F1EAFA3590036858D /* Main.storyboard in Resources */,
			);
			runOnlyForDeploymentPostprocessing = 0;
		};
/* End PBXResourcesBuildPhase section */

/* Begin PBXShellScriptBuildPhase section */
		09AA7BD48AFDB98259BE6E32 /* [CP] Check Pods Manifest.lock */ = {
			isa = PBXShellScriptBuildPhase;
			buildActionMask = 2147483647;
			files = (
			);
			inputPaths = (
			);
			name = "[CP] Check Pods Manifest.lock";
			outputPaths = (
			);
			runOnlyForDeploymentPostprocessing = 0;
			shellPath = /bin/sh;
			shellScript = "diff \"${PODS_ROOT}/../Podfile.lock\" \"${PODS_ROOT}/Manifest.lock\" > /dev/null\nif [ $? != 0 ] ; then\n    # print error to STDERR\n    echo \"error: The sandbox is not in sync with the Podfile.lock. Run 'pod install' or update your CocoaPods installation.\" >&2\n    exit 1\nfi\n";
			showEnvVarsInLog = 0;
		};
		1A6978E8F2FC6535B5B2E80C /* [CP] Embed Pods Frameworks */ = {
			isa = PBXShellScriptBuildPhase;
			buildActionMask = 2147483647;
			files = (
			);
			inputPaths = (
			);
			name = "[CP] Embed Pods Frameworks";
			outputPaths = (
			);
			runOnlyForDeploymentPostprocessing = 0;
			shellPath = /bin/sh;
			shellScript = "\"${SRCROOT}/Pods/Target Support Files/Pods-MVVMRealmSwift/Pods-MVVMRealmSwift-frameworks.sh\"\n";
			showEnvVarsInLog = 0;
		};
		87A35FAA000D554D229674FD /* [CP] Copy Pods Resources */ = {
			isa = PBXShellScriptBuildPhase;
			buildActionMask = 2147483647;
			files = (
			);
			inputPaths = (
			);
			name = "[CP] Copy Pods Resources";
			outputPaths = (
			);
			runOnlyForDeploymentPostprocessing = 0;
			shellPath = /bin/sh;
			shellScript = "\"${SRCROOT}/Pods/Target Support Files/Pods-MVVMRealmSwift/Pods-MVVMRealmSwift-resources.sh\"\n";
			showEnvVarsInLog = 0;
		};
/* End PBXShellScriptBuildPhase section */

/* Begin PBXSourcesBuildPhase section */
		982BFF121EAFA3590036858D /* Sources */ = {
			isa = PBXSourcesBuildPhase;
			buildActionMask = 2147483647;
			files = (
				982BFF381EAFA9E60036858D /* PersonModel.swift in Sources */,
				982BFF341EAFA7A40036858D /* PersonTableViewController.swift in Sources */,
				982BFF361EAFA8C70036858D /* PersonViewModel.swift in Sources */,
				982BFF3D1EAFB5EE0036858D /* AddPersonTableViewController.swift in Sources */,
				982BFF2F1EAFA4550036858D /* Person.swift in Sources */,
				982BFF491EAFCFA10036858D /* TestTableViewController.swift in Sources */,
				982BFF311EAFA54F0036858D /* Car.swift in Sources */,
				982BFF1A1EAFA3590036858D /* AppDelegate.swift in Sources */,
				982BFF421EAFBC4F0036858D /* AddPersonViewModel.swift in Sources */,
			);
			runOnlyForDeploymentPostprocessing = 0;
		};
/* End PBXSourcesBuildPhase section */

/* Begin PBXVariantGroup section */
		982BFF1D1EAFA3590036858D /* Main.storyboard */ = {
			isa = PBXVariantGroup;
			children = (
				982BFF1E1EAFA3590036858D /* Base */,
			);
			name = Main.storyboard;
			sourceTree = "<group>";
		};
		982BFF221EAFA3590036858D /* LaunchScreen.storyboard */ = {
			isa = PBXVariantGroup;
			children = (
				982BFF231EAFA3590036858D /* Base */,
			);
			name = LaunchScreen.storyboard;
			sourceTree = "<group>";
		};
/* End PBXVariantGroup section */

/* Begin XCBuildConfiguration section */
		982BFF261EAFA3590036858D /* Debug */ = {
			isa = XCBuildConfiguration;
			buildSettings = {
				ALWAYS_SEARCH_USER_PATHS = NO;
				CLANG_ANALYZER_NONNULL = YES;
				CLANG_ANALYZER_NUMBER_OBJECT_CONVERSION = YES_AGGRESSIVE;
				CLANG_CXX_LANGUAGE_STANDARD = "gnu++0x";
				CLANG_CXX_LIBRARY = "libc++";
				CLANG_ENABLE_MODULES = YES;
				CLANG_ENABLE_OBJC_ARC = YES;
				CLANG_WARN_BOOL_CONVERSION = YES;
				CLANG_WARN_CONSTANT_CONVERSION = YES;
				CLANG_WARN_DIRECT_OBJC_ISA_USAGE = YES_ERROR;
				CLANG_WARN_DOCUMENTATION_COMMENTS = YES;
				CLANG_WARN_EMPTY_BODY = YES;
				CLANG_WARN_ENUM_CONVERSION = YES;
				CLANG_WARN_INFINITE_RECURSION = YES;
				CLANG_WARN_INT_CONVERSION = YES;
				CLANG_WARN_OBJC_ROOT_CLASS = YES_ERROR;
				CLANG_WARN_SUSPICIOUS_MOVE = YES;
				CLANG_WARN_UNREACHABLE_CODE = YES;
				CLANG_WARN__DUPLICATE_METHOD_MATCH = YES;
				"CODE_SIGN_IDENTITY[sdk=iphoneos*]" = "iPhone Developer";
				COPY_PHASE_STRIP = NO;
				DEBUG_INFORMATION_FORMAT = dwarf;
				ENABLE_STRICT_OBJC_MSGSEND = YES;
				ENABLE_TESTABILITY = YES;
				GCC_C_LANGUAGE_STANDARD = gnu99;
				GCC_DYNAMIC_NO_PIC = NO;
				GCC_NO_COMMON_BLOCKS = YES;
				GCC_OPTIMIZATION_LEVEL = 0;
				GCC_PREPROCESSOR_DEFINITIONS = (
					"DEBUG=1",
					"$(inherited)",
				);
				GCC_WARN_64_TO_32_BIT_CONVERSION = YES;
				GCC_WARN_ABOUT_RETURN_TYPE = YES_ERROR;
				GCC_WARN_UNDECLARED_SELECTOR = YES;
				GCC_WARN_UNINITIALIZED_AUTOS = YES_AGGRESSIVE;
				GCC_WARN_UNUSED_FUNCTION = YES;
				GCC_WARN_UNUSED_VARIABLE = YES;
				IPHONEOS_DEPLOYMENT_TARGET = 10.3;
				MTL_ENABLE_DEBUG_INFO = YES;
				ONLY_ACTIVE_ARCH = YES;
				SDKROOT = iphoneos;
				SWIFT_ACTIVE_COMPILATION_CONDITIONS = DEBUG;
				SWIFT_OPTIMIZATION_LEVEL = "-Onone";
			};
			name = Debug;
		};
		982BFF271EAFA3590036858D /* Release */ = {
			isa = XCBuildConfiguration;
			buildSettings = {
				ALWAYS_SEARCH_USER_PATHS = NO;
				CLANG_ANALYZER_NONNULL = YES;
				CLANG_ANALYZER_NUMBER_OBJECT_CONVERSION = YES_AGGRESSIVE;
				CLANG_CXX_LANGUAGE_STANDARD = "gnu++0x";
				CLANG_CXX_LIBRARY = "libc++";
				CLANG_ENABLE_MODULES = YES;
				CLANG_ENABLE_OBJC_ARC = YES;
				CLANG_WARN_BOOL_CONVERSION = YES;
				CLANG_WARN_CONSTANT_CONVERSION = YES;
				CLANG_WARN_DIRECT_OBJC_ISA_USAGE = YES_ERROR;
				CLANG_WARN_DOCUMENTATION_COMMENTS = YES;
				CLANG_WARN_EMPTY_BODY = YES;
				CLANG_WARN_ENUM_CONVERSION = YES;
				CLANG_WARN_INFINITE_RECURSION = YES;
				CLANG_WARN_INT_CONVERSION = YES;
				CLANG_WARN_OBJC_ROOT_CLASS = YES_ERROR;
				CLANG_WARN_SUSPICIOUS_MOVE = YES;
				CLANG_WARN_UNREACHABLE_CODE = YES;
				CLANG_WARN__DUPLICATE_METHOD_MATCH = YES;
				"CODE_SIGN_IDENTITY[sdk=iphoneos*]" = "iPhone Developer";
				COPY_PHASE_STRIP = NO;
				DEBUG_INFORMATION_FORMAT = "dwarf-with-dsym";
				ENABLE_NS_ASSERTIONS = NO;
				ENABLE_STRICT_OBJC_MSGSEND = YES;
				GCC_C_LANGUAGE_STANDARD = gnu99;
				GCC_NO_COMMON_BLOCKS = YES;
				GCC_WARN_64_TO_32_BIT_CONVERSION = YES;
				GCC_WARN_ABOUT_RETURN_TYPE = YES_ERROR;
				GCC_WARN_UNDECLARED_SELECTOR = YES;
				GCC_WARN_UNINITIALIZED_AUTOS = YES_AGGRESSIVE;
				GCC_WARN_UNUSED_FUNCTION = YES;
				GCC_WARN_UNUSED_VARIABLE = YES;
				IPHONEOS_DEPLOYMENT_TARGET = 10.3;
				MTL_ENABLE_DEBUG_INFO = NO;
				SDKROOT = iphoneos;
				SWIFT_OPTIMIZATION_LEVEL = "-Owholemodule";
				VALIDATE_PRODUCT = YES;
			};
			name = Release;
		};
		982BFF291EAFA3590036858D /* Debug */ = {
			isa = XCBuildConfiguration;
			baseConfigurationReference = 39E3CE2CDB0AD7399702E1B7 /* Pods-MVVMRealmSwift.debug.xcconfig */;
			buildSettings = {
				ASSETCATALOG_COMPILER_APPICON_NAME = AppIcon;
				DEVELOPMENT_TEAM = 374A5BSW36;
				INFOPLIST_FILE = MVVMRealmSwift/Info.plist;
				LD_RUNPATH_SEARCH_PATHS = "$(inherited) @executable_path/Frameworks";
				PRODUCT_BUNDLE_IDENTIFIER = DeblinaOwned.MVVMRealmSwift;
				PRODUCT_NAME = "$(TARGET_NAME)";
				SWIFT_VERSION = 3.0;
			};
			name = Debug;
		};
		982BFF2A1EAFA3590036858D /* Release */ = {
			isa = XCBuildConfiguration;
			baseConfigurationReference = 598E848DDE595DB97C5E3E48 /* Pods-MVVMRealmSwift.release.xcconfig */;
			buildSettings = {
				ASSETCATALOG_COMPILER_APPICON_NAME = AppIcon;
				DEVELOPMENT_TEAM = 374A5BSW36;
				INFOPLIST_FILE = MVVMRealmSwift/Info.plist;
				LD_RUNPATH_SEARCH_PATHS = "$(inherited) @executable_path/Frameworks";
				PRODUCT_BUNDLE_IDENTIFIER = DeblinaOwned.MVVMRealmSwift;
				PRODUCT_NAME = "$(TARGET_NAME)";
				SWIFT_VERSION = 3.0;
			};
			name = Release;
		};
/* End XCBuildConfiguration section */

/* Begin XCConfigurationList section */
		982BFF111EAFA3590036858D /* Build configuration list for PBXProject "MVVMRealmSwift" */ = {
			isa = XCConfigurationList;
			buildConfigurations = (
				982BFF261EAFA3590036858D /* Debug */,
				982BFF271EAFA3590036858D /* Release */,
			);
			defaultConfigurationIsVisible = 0;
			defaultConfigurationName = Release;
		};
		982BFF281EAFA3590036858D /* Build configuration list for PBXNativeTarget "MVVMRealmSwift" */ = {
			isa = XCConfigurationList;
			buildConfigurations = (
				982BFF291EAFA3590036858D /* Debug */,
				982BFF2A1EAFA3590036858D /* Release */,
			);
			defaultConfigurationIsVisible = 0;
			defaultConfigurationName = Release;
		};
/* End XCConfigurationList section */
	};
	rootObject = 982BFF0E1EAFA3590036858D /* Project object */;
}
